
Microsoft Visual Studio Solution File, Format Version 12.00
# Visual Studio 15
VisualStudioVersion = 15.0.28307.1169
MinimumVisualStudioVersion = 10.0.40219.1
Project("{2150E333-8FDC-42A3-9474-1A3956D46DE8}") = "Lib", "Lib", "{778FD18A-CFFA-4B11-97CE-C4C01492DAFF}"
EndProject
Project("{2150E333-8FDC-42A3-9474-1A3956D46DE8}") = "Tools", "Tools", "{3DC33840-E750-4DF4-9CAA-E7FB5B936875}"
EndProject
Project("{8BC9CEB8-8B4A-11D0-8D11-00A0C91BC942}") = "Lang_mpr", "Tools\Lang_mpr\Lang_mpr.vcxproj", "{9D4D60D7-F12A-4EC4-9050-C625F82E5E93}"
EndProject
Project("{8BC9CEB8-8B4A-11D0-8D11-00A0C91BC942}") = "Item_bmd", "Tools\Item_bmd\Item_bmd.vcxproj", "{0596928C-BEBF-4EEB-81B5-0BD0C9299D7D}"
EndProject
Project("{8BC9CEB8-8B4A-11D0-8D11-00A0C91BC942}") = "Core", "Core\Core.vcxproj", "{8E40492C-0659-45C3-B379-345728D6CC96}"
EndProject
Project("{8BC9CEB8-8B4A-11D0-8D11-00A0C91BC942}") = "ExcellentOption_bmd", "Tools\ExcellentOption_bmd\ExcellentOption_bmd.vcxproj", "{F741C77A-8EA9-48CD-B71F-C091D00E0780}"
EndProject
Project("{8BC9CEB8-8B4A-11D0-8D11-00A0C91BC942}") = "FormulaData_bmd", "Tools\FormulaData_bmd\FormulaData_bmd.vcxproj", "{1CD79F37-3146-45C1-8144-E9CE17B857A9}"
EndProject
Project("{8BC9CEB8-8B4A-11D0-8D11-00A0C91BC942}") = "InfoTooltip_bmd", "Tools\InfoTooltip_bmd\InfoTooltip_bmd.vcxproj", "{8507BE28-FA6E-4ED9-A6A1-8DC7B78A29E2}"
EndProject
Project("{8BC9CEB8-8B4A-11D0-8D11-00A0C91BC942}") = "InfoTooltipText_bmd", "Tools\InfoTooltipText_bmd\InfoTooltipText_bmd.vcxproj", "{F98ACD11-B95E-4B48-8DE9-08F2496F243F}"
EndProject
Project("{8BC9CEB8-8B4A-11D0-8D11-00A0C91BC942}") = "PentagramMixNeedSource_bmd", "Tools\PentagramMixNeedSource_bmd\PentagramMixNeedSource_bmd.vcxproj", "{BC97C5CA-4367-4CC9-90E8-D2978AB9DBEE}"
EndProject
Project("{8BC9CEB8-8B4A-11D0-8D11-00A0C91BC942}") = "MuunOption_bmd", "Tools\MuunOption_bmd\MuunOption_bmd.vcxproj", "{39D61E5A-FC4E-430F-B534-740EBA82370B}"
EndProject
Project("{8BC9CEB8-8B4A-11D0-8D11-00A0C91BC942}") = "MuunInfo_bmd", "Tools\MuunInfo_bmd\MuunInfo_bmd.vcxproj", "{B07BA8A1-A20B-40AA-8AD6-A9A666630BFD}"
EndProject
Project("{8BC9CEB8-8B4A-11D0-8D11-00A0C91BC942}") = "MuunTooltipInfo_bmd", "Tools\MuunTooltipInfo_bmd\MuunTooltipInfo_bmd.vcxproj", "{8BB99840-7608-4261-B669-4ED57A4B8EBE}"
EndProject
Project("{8BC9CEB8-8B4A-11D0-8D11-00A0C91BC942}") = "MuunExchange_bmd", "Tools\MuunExchange_bmd\MuunExchange_bmd.vcxproj", "{8CF35919-EDCC-4CB3-BB06-EC576CB12B8E}"
EndProject
Project("{8BC9CEB8-8B4A-11D0-8D11-00A0C91BC942}") = "StatOption_bmd", "Tools\StatOption_bmd\StatOption_bmd.vcxproj", "{3083D764-1255-4AA0-A22A-1533493F94FB}"
EndProject
Project("{8BC9CEB8-8B4A-11D0-8D11-00A0C91BC942}") = "StatOptionText_bmd", "Tools\StatOptionText_bmd\StatOptionText_bmd.vcxproj", "{D4B0F910-DD08-402A-9BF2-4464D3F64CC8}"
EndProject
Project("{8BC9CEB8-8B4A-11D0-8D11-00A0C91BC942}") = "Quest_bmd", "Tools\Quest_bmd\Quest_bmd.vcxproj", "{12ED72FE-4841-4A7E-B6EA-CE620CB33D3E}"
EndProject
Project("{8BC9CEB8-8B4A-11D0-8D11-00A0C91BC942}") = "SocketItem_bmd", "Tools\SocketItem_bmd\SocketItem_bmd.vcxproj", "{CBE15C79-9EFD-4D0C-917A-21F4F513339B}"
EndProject
Project("{8BC9CEB8-8B4A-11D0-8D11-00A0C91BC942}") = "PlayGuide_bmd", "Tools\PlayGuide_bmd\PlayGuide_bmd.vcxproj", "{55C1606D-67C3-4B65-9AEA-7EAE3D6400A8}"
EndProject
Project("{8BC9CEB8-8B4A-11D0-8D11-00A0C91BC942}") = "MuRummyOption_bmd", "Tools\MuRummyOption_bmd\MuRummyOption_bmd.vcxproj", "{0B4AA9DC-CA82-45FA-805F-25BAA4FF93B7}"
EndProject
Project("{8BC9CEB8-8B4A-11D0-8D11-00A0C91BC942}") = "MuRummyCard_bmd", "Tools\MuRummyCard_bmd\MuRummyCard_bmd.vcxproj", "{5FDEB317-6F2F-45CD-A075-F33D5C6E1254}"
EndProject
Project("{8BC9CEB8-8B4A-11D0-8D11-00A0C91BC942}") = "MuRummySlot_bmd", "Tools\MuRummySlot_bmd\MuRummySlot_bmd.vcxproj", "{53CEB8EA-D8D0-479D-B7E7-F9BB2B9C6875}"
EndProject
Project("{8BC9CEB8-8B4A-11D0-8D11-00A0C91BC942}") = "ServerList_bmd", "Tools\ServerList_bmd\ServerList_bmd.vcxproj", "{9EFA77C2-2401-4187-9C35-A8B803BEA943}"
EndProject
Project("{8BC9CEB8-8B4A-11D0-8D11-00A0C91BC942}") = "EvoMonsterBox_bmd", "Tools\EvoMonsterBox_bmd\EvoMonsterBox_bmd.vcxproj", "{60467256-4D65-4A05-96F9-0192F4548BA2}"
EndProject
Project("{8BC9CEB8-8B4A-11D0-8D11-00A0C91BC942}") = "MapCharacters_bmd", "Tools\MapCharacters_bmd\MapCharacters_bmd.vcxproj", "{E6D5C8B6-F390-4AD9-966F-25BAD7039320}"
EndProject
Project("{8BC9CEB8-8B4A-11D0-8D11-00A0C91BC942}") = "ItemSetType_bmd", "Tools\ItemSetType_bmd\ItemSetType_bmd.vcxproj", "{F251BBEB-AFC1-40A8-8467-3A25D60A2A7B}"
EndProject
Project("{8BC9CEB8-8B4A-11D0-8D11-00A0C91BC942}") = "ItemSetOption_bmd", "Tools\ItemSetOption_bmd\ItemSetOption_bmd.vcxproj", "{5CC8B1CA-C1A0-4A7B-AEFF-C463B93F52F4}"
EndProject
Project("{8BC9CEB8-8B4A-11D0-8D11-00A0C91BC942}") = "ItemSetOptionText_bmd", "Tools\ItemSetOptionText_bmd\ItemSetOptionText_bmd.vcxproj", "{FA93196E-5402-4398-8712-849C7FE5896D}"
EndProject
Global
	GlobalSection(SolutionConfigurationPlatforms) = preSolution
		Release|x64 = Release|x64
		Release|x86 = Release|x86
	EndGlobalSection
	GlobalSection(ProjectConfigurationPlatforms) = postSolution
		{9D4D60D7-F12A-4EC4-9050-C625F82E5E93}.Release|x64.ActiveCfg = Release|Win32
		{9D4D60D7-F12A-4EC4-9050-C625F82E5E93}.Release|x86.ActiveCfg = Release|Win32
		{9D4D60D7-F12A-4EC4-9050-C625F82E5E93}.Release|x86.Build.0 = Release|Win32
		{0596928C-BEBF-4EEB-81B5-0BD0C9299D7D}.Release|x64.ActiveCfg = Release|Win32
		{0596928C-BEBF-4EEB-81B5-0BD0C9299D7D}.Release|x86.ActiveCfg = Release|Win32
		{0596928C-BEBF-4EEB-81B5-0BD0C9299D7D}.Release|x86.Build.0 = Release|Win32
		{8E40492C-0659-45C3-B379-345728D6CC96}.Release|x64.ActiveCfg = Release|Win32
		{8E40492C-0659-45C3-B379-345728D6CC96}.Release|x86.ActiveCfg = Release|Win32
		{8E40492C-0659-45C3-B379-345728D6CC96}.Release|x86.Build.0 = Release|Win32
		{F741C77A-8EA9-48CD-B71F-C091D00E0780}.Release|x64.ActiveCfg = Release|Win32
		{F741C77A-8EA9-48CD-B71F-C091D00E0780}.Release|x86.ActiveCfg = Release|Win32
		{F741C77A-8EA9-48CD-B71F-C091D00E0780}.Release|x86.Build.0 = Release|Win32
		{1CD79F37-3146-45C1-8144-E9CE17B857A9}.Release|x64.ActiveCfg = Release|Win32
		{1CD79F37-3146-45C1-8144-E9CE17B857A9}.Release|x86.ActiveCfg = Release|Win32
		{1CD79F37-3146-45C1-8144-E9CE17B857A9}.Release|x86.Build.0 = Release|Win32
		{8507BE28-FA6E-4ED9-A6A1-8DC7B78A29E2}.Release|x64.ActiveCfg = Release|Win32
		{8507BE28-FA6E-4ED9-A6A1-8DC7B78A29E2}.Release|x86.ActiveCfg = Release|Win32
		{8507BE28-FA6E-4ED9-A6A1-8DC7B78A29E2}.Release|x86.Build.0 = Release|Win32
		{F98ACD11-B95E-4B48-8DE9-08F2496F243F}.Release|x64.ActiveCfg = Release|Win32
		{F98ACD11-B95E-4B48-8DE9-08F2496F243F}.Release|x86.ActiveCfg = Release|Win32
		{F98ACD11-B95E-4B48-8DE9-08F2496F243F}.Release|x86.Build.0 = Release|Win32
		{BC97C5CA-4367-4CC9-90E8-D2978AB9DBEE}.Release|x64.ActiveCfg = Release|Win32
		{BC97C5CA-4367-4CC9-90E8-D2978AB9DBEE}.Release|x86.ActiveCfg = Release|Win32
		{BC97C5CA-4367-4CC9-90E8-D2978AB9DBEE}.Release|x86.Build.0 = Release|Win32
		{39D61E5A-FC4E-430F-B534-740EBA82370B}.Release|x64.ActiveCfg = Release|Win32
		{39D61E5A-FC4E-430F-B534-740EBA82370B}.Release|x86.ActiveCfg = Release|Win32
		{39D61E5A-FC4E-430F-B534-740EBA82370B}.Release|x86.Build.0 = Release|Win32
		{B07BA8A1-A20B-40AA-8AD6-A9A666630BFD}.Release|x64.ActiveCfg = Release|Win32
		{B07BA8A1-A20B-40AA-8AD6-A9A666630BFD}.Release|x86.ActiveCfg = Release|Win32
		{B07BA8A1-A20B-40AA-8AD6-A9A666630BFD}.Release|x86.Build.0 = Release|Win32
		{8BB99840-7608-4261-B669-4ED57A4B8EBE}.Release|x64.ActiveCfg = Release|Win32
		{8BB99840-7608-4261-B669-4ED57A4B8EBE}.Release|x86.ActiveCfg = Release|Win32
		{8BB99840-7608-4261-B669-4ED57A4B8EBE}.Release|x86.Build.0 = Release|Win32
		{8CF35919-EDCC-4CB3-BB06-EC576CB12B8E}.Release|x64.ActiveCfg = Release|Win32
		{8CF35919-EDCC-4CB3-BB06-EC576CB12B8E}.Release|x86.ActiveCfg = Release|Win32
		{8CF35919-EDCC-4CB3-BB06-EC576CB12B8E}.Release|x86.Build.0 = Release|Win32
		{3083D764-1255-4AA0-A22A-1533493F94FB}.Release|x64.ActiveCfg = Release|Win32
		{3083D764-1255-4AA0-A22A-1533493F94FB}.Release|x86.ActiveCfg = Release|Win32
		{3083D764-1255-4AA0-A22A-1533493F94FB}.Release|x86.Build.0 = Release|Win32
		{D4B0F910-DD08-402A-9BF2-4464D3F64CC8}.Release|x64.ActiveCfg = Release|Win32
		{D4B0F910-DD08-402A-9BF2-4464D3F64CC8}.Release|x86.ActiveCfg = Release|Win32
		{D4B0F910-DD08-402A-9BF2-4464D3F64CC8}.Release|x86.Build.0 = Release|Win32
		{12ED72FE-4841-4A7E-B6EA-CE620CB33D3E}.Release|x64.ActiveCfg = Release|Win32
		{12ED72FE-4841-4A7E-B6EA-CE620CB33D3E}.Release|x86.ActiveCfg = Release|Win32
		{12ED72FE-4841-4A7E-B6EA-CE620CB33D3E}.Release|x86.Build.0 = Release|Win32
		{CBE15C79-9EFD-4D0C-917A-21F4F513339B}.Release|x64.ActiveCfg = Release|Win32
		{CBE15C79-9EFD-4D0C-917A-21F4F513339B}.Release|x86.ActiveCfg = Release|Win32
		{CBE15C79-9EFD-4D0C-917A-21F4F513339B}.Release|x86.Build.0 = Release|Win32
		{55C1606D-67C3-4B65-9AEA-7EAE3D6400A8}.Release|x64.ActiveCfg = Release|Win32
		{55C1606D-67C3-4B65-9AEA-7EAE3D6400A8}.Release|x86.ActiveCfg = Release|Win32
		{55C1606D-67C3-4B65-9AEA-7EAE3D6400A8}.Release|x86.Build.0 = Release|Win32
		{0B4AA9DC-CA82-45FA-805F-25BAA4FF93B7}.Release|x64.ActiveCfg = Release|Win32
		{0B4AA9DC-CA82-45FA-805F-25BAA4FF93B7}.Release|x86.ActiveCfg = Release|Win32
		{0B4AA9DC-CA82-45FA-805F-25BAA4FF93B7}.Release|x86.Build.0 = Release|Win32
		{5FDEB317-6F2F-45CD-A075-F33D5C6E1254}.Release|x64.ActiveCfg = Release|Win32
		{5FDEB317-6F2F-45CD-A075-F33D5C6E1254}.Release|x86.ActiveCfg = Release|Win32
		{5FDEB317-6F2F-45CD-A075-F33D5C6E1254}.Release|x86.Build.0 = Release|Win32
		{53CEB8EA-D8D0-479D-B7E7-F9BB2B9C6875}.Release|x64.ActiveCfg = Release|Win32
		{53CEB8EA-D8D0-479D-B7E7-F9BB2B9C6875}.Release|x86.ActiveCfg = Release|Win32
		{53CEB8EA-D8D0-479D-B7E7-F9BB2B9C6875}.Release|x86.Build.0 = Release|Win32
		{9EFA77C2-2401-4187-9C35-A8B803BEA943}.Release|x64.ActiveCfg = Release|Win32
		{9EFA77C2-2401-4187-9C35-A8B803BEA943}.Release|x86.ActiveCfg = Release|Win32
		{9EFA77C2-2401-4187-9C35-A8B803BEA943}.Release|x86.Build.0 = Release|Win32
		{60467256-4D65-4A05-96F9-0192F4548BA2}.Release|x64.ActiveCfg = Release|Win32
		{60467256-4D65-4A05-96F9-0192F4548BA2}.Release|x86.ActiveCfg = Release|Win32
		{60467256-4D65-4A05-96F9-0192F4548BA2}.Release|x86.Build.0 = Release|Win32
		{E6D5C8B6-F390-4AD9-966F-25BAD7039320}.Release|x64.ActiveCfg = Release|Win32
		{E6D5C8B6-F390-4AD9-966F-25BAD7039320}.Release|x86.ActiveCfg = Release|Win32
		{E6D5C8B6-F390-4AD9-966F-25BAD7039320}.Release|x86.Build.0 = Release|Win32
		{F251BBEB-AFC1-40A8-8467-3A25D60A2A7B}.Release|x64.ActiveCfg = Release|Win32
		{F251BBEB-AFC1-40A8-8467-3A25D60A2A7B}.Release|x86.ActiveCfg = Release|Win32
		{F251BBEB-AFC1-40A8-8467-3A25D60A2A7B}.Release|x86.Build.0 = Release|Win32
		{5CC8B1CA-C1A0-4A7B-AEFF-C463B93F52F4}.Release|x64.ActiveCfg = Release|Win32
		{5CC8B1CA-C1A0-4A7B-AEFF-C463B93F52F4}.Release|x86.ActiveCfg = Release|Win32
		{5CC8B1CA-C1A0-4A7B-AEFF-C463B93F52F4}.Release|x86.Build.0 = Release|Win32
		{FA93196E-5402-4398-8712-849C7FE5896D}.Release|x64.ActiveCfg = Release|Win32
		{FA93196E-5402-4398-8712-849C7FE5896D}.Release|x86.ActiveCfg = Release|Win32
		{FA93196E-5402-4398-8712-849C7FE5896D}.Release|x86.Build.0 = Release|Win32
	EndGlobalSection
	GlobalSection(SolutionProperties) = preSolution
		HideSolutionNode = FALSE
	EndGlobalSection
	GlobalSection(NestedProjects) = preSolution
		{9D4D60D7-F12A-4EC4-9050-C625F82E5E93} = {3DC33840-E750-4DF4-9CAA-E7FB5B936875}
		{0596928C-BEBF-4EEB-81B5-0BD0C9299D7D} = {3DC33840-E750-4DF4-9CAA-E7FB5B936875}
		{8E40492C-0659-45C3-B379-345728D6CC96} = {778FD18A-CFFA-4B11-97CE-C4C01492DAFF}
		{F741C77A-8EA9-48CD-B71F-C091D00E0780} = {3DC33840-E750-4DF4-9CAA-E7FB5B936875}
		{1CD79F37-3146-45C1-8144-E9CE17B857A9} = {3DC33840-E750-4DF4-9CAA-E7FB5B936875}
		{8507BE28-FA6E-4ED9-A6A1-8DC7B78A29E2} = {3DC33840-E750-4DF4-9CAA-E7FB5B936875}
		{F98ACD11-B95E-4B48-8DE9-08F2496F243F} = {3DC33840-E750-4DF4-9CAA-E7FB5B936875}
		{BC97C5CA-4367-4CC9-90E8-D2978AB9DBEE} = {3DC33840-E750-4DF4-9CAA-E7FB5B936875}
		{39D61E5A-FC4E-430F-B534-740EBA82370B} = {3DC33840-E750-4DF4-9CAA-E7FB5B936875}
		{B07BA8A1-A20B-40AA-8AD6-A9A666630BFD} = {3DC33840-E750-4DF4-9CAA-E7FB5B936875}
		{8BB99840-7608-4261-B669-4ED57A4B8EBE} = {3DC33840-E750-4DF4-9CAA-E7FB5B936875}
		{8CF35919-EDCC-4CB3-BB06-EC576CB12B8E} = {3DC33840-E750-4DF4-9CAA-E7FB5B936875}
		{3083D764-1255-4AA0-A22A-1533493F94FB} = {3DC33840-E750-4DF4-9CAA-E7FB5B936875}
		{D4B0F910-DD08-402A-9BF2-4464D3F64CC8} = {3DC33840-E750-4DF4-9CAA-E7FB5B936875}
		{12ED72FE-4841-4A7E-B6EA-CE620CB33D3E} = {3DC33840-E750-4DF4-9CAA-E7FB5B936875}
		{CBE15C79-9EFD-4D0C-917A-21F4F513339B} = {3DC33840-E750-4DF4-9CAA-E7FB5B936875}
		{55C1606D-67C3-4B65-9AEA-7EAE3D6400A8} = {3DC33840-E750-4DF4-9CAA-E7FB5B936875}
		{0B4AA9DC-CA82-45FA-805F-25BAA4FF93B7} = {3DC33840-E750-4DF4-9CAA-E7FB5B936875}
		{5FDEB317-6F2F-45CD-A075-F33D5C6E1254} = {3DC33840-E750-4DF4-9CAA-E7FB5B936875}
		{53CEB8EA-D8D0-479D-B7E7-F9BB2B9C6875} = {3DC33840-E750-4DF4-9CAA-E7FB5B936875}
		{9EFA77C2-2401-4187-9C35-A8B803BEA943} = {3DC33840-E750-4DF4-9CAA-E7FB5B936875}
		{60467256-4D65-4A05-96F9-0192F4548BA2} = {3DC33840-E750-4DF4-9CAA-E7FB5B936875}
		{E6D5C8B6-F390-4AD9-966F-25BAD7039320} = {3DC33840-E750-4DF4-9CAA-E7FB5B936875}
		{F251BBEB-AFC1-40A8-8467-3A25D60A2A7B} = {3DC33840-E750-4DF4-9CAA-E7FB5B936875}
		{5CC8B1CA-C1A0-4A7B-AEFF-C463B93F52F4} = {3DC33840-E750-4DF4-9CAA-E7FB5B936875}
		{FA93196E-5402-4398-8712-849C7FE5896D} = {3DC33840-E750-4DF4-9CAA-E7FB5B936875}
	EndGlobalSection
	GlobalSection(ExtensibilityGlobals) = postSolution
		SolutionGuid = {78828549-D639-412A-A60F-6AC294C049AF}
	EndGlobalSection
EndGlobal
