
Microsoft Visual Studio Solution File, Format Version 12.00
# Visual Studio 15
VisualStudioVersion = 15.0.28307.1169
MinimumVisualStudioVersion = 10.0.40219.1
Project("{2150E333-8FDC-42A3-9474-1A3956D46DE8}") = "Lib", "Lib", "{778FD18A-CFFA-4B11-97CE-C4C01492DAFF}"
EndProject
Project("{2150E333-8FDC-42A3-9474-1A3956D46DE8}") = "Tools", "Tools", "{3DC33840-E750-4DF4-9CAA-E7FB5B936875}"
EndProject
Project("{8BC9CEB8-8B4A-11D0-8D11-00A0C91BC942}") = "Lang_mpr", "Tools\Lang_mpr\Lang_mpr.vcxproj", "{9D4D60D7-F12A-4EC4-9050-C625F82E5E93}"
EndProject
Project("{8BC9CEB8-8B4A-11D0-8D11-00A0C91BC942}") = "Item_bmd", "Tools\Item_bmd\Item_bmd.vcxproj", "{0596928C-BEBF-4EEB-81B5-0BD0C9299D7D}"
EndProject
Project("{8BC9CEB8-8B4A-11D0-8D11-00A0C91BC942}") = "Core", "Core\Core.vcxproj", "{8E40492C-0659-45C3-B379-345728D6CC96}"
EndProject
Project("{8BC9CEB8-8B4A-11D0-8D11-00A0C91BC942}") = "ExcellentOption_bmd", "Tools\ExcellentOption_bmd\ExcellentOption_bmd.vcxproj", "{F741C77A-8EA9-48CD-B71F-C091D00E0780}"
EndProject
Project("{8BC9CEB8-8B4A-11D0-8D11-00A0C91BC942}") = "FormulaData_bmd", "Tools\FormulaData_bmd\FormulaData_bmd.vcxproj", "{1CD79F37-3146-45C1-8144-E9CE17B857A9}"
EndProject
Project("{8BC9CEB8-8B4A-11D0-8D11-00A0C91BC942}") = "InfoTooltip_bmd", "Tools\InfoTooltip_bmd\InfoTooltip_bmd.vcxproj", "{8507BE28-FA6E-4ED9-A6A1-8DC7B78A29E2}"
EndProject
Project("{8BC9CEB8-8B4A-11D0-8D11-00A0C91BC942}") = "InfoTooltipText_bmd", "Tools\InfoTooltipText_bmd\InfoTooltipText_bmd.vcxproj", "{F98ACD11-B95E-4B48-8DE9-08F2496F243F}"
EndProject
Project("{8BC9CEB8-8B4A-11D0-8D11-00A0C91BC942}") = "PentagramMixNeedSource_bmd", "Tools\PentagramMixNeedSource_bmd\PentagramMixNeedSource_bmd.vcxproj", "{BC97C5CA-4367-4CC9-90E8-D2978AB9DBEE}"
EndProject
Project("{8BC9CEB8-8B4A-11D0-8D11-00A0C91BC942}") = "MuunOption_bmd", "Tools\MuunOption_bmd\MuunOption_bmd.vcxproj", "{39D61E5A-FC4E-430F-B534-740EBA82370B}"
EndProject
Global
	GlobalSection(SolutionConfigurationPlatforms) = preSolution
		Release|x64 = Release|x64
		Release|x86 = Release|x86
	EndGlobalSection
	GlobalSection(ProjectConfigurationPlatforms) = postSolution
		{9D4D60D7-F12A-4EC4-9050-C625F82E5E93}.Release|x64.ActiveCfg = Release|Win32
		{9D4D60D7-F12A-4EC4-9050-C625F82E5E93}.Release|x86.ActiveCfg = Release|Win32
		{9D4D60D7-F12A-4EC4-9050-C625F82E5E93}.Release|x86.Build.0 = Release|Win32
		{0596928C-BEBF-4EEB-81B5-0BD0C9299D7D}.Release|x64.ActiveCfg = Release|Win32
		{0596928C-BEBF-4EEB-81B5-0BD0C9299D7D}.Release|x86.ActiveCfg = Release|Win32
		{0596928C-BEBF-4EEB-81B5-0BD0C9299D7D}.Release|x86.Build.0 = Release|Win32
		{8E40492C-0659-45C3-B379-345728D6CC96}.Release|x64.ActiveCfg = Release|Win32
		{8E40492C-0659-45C3-B379-345728D6CC96}.Release|x86.ActiveCfg = Release|Win32
		{8E40492C-0659-45C3-B379-345728D6CC96}.Release|x86.Build.0 = Release|Win32
		{F741C77A-8EA9-48CD-B71F-C091D00E0780}.Release|x64.ActiveCfg = Release|Win32
		{F741C77A-8EA9-48CD-B71F-C091D00E0780}.Release|x86.ActiveCfg = Release|Win32
		{F741C77A-8EA9-48CD-B71F-C091D00E0780}.Release|x86.Build.0 = Release|Win32
		{1CD79F37-3146-45C1-8144-E9CE17B857A9}.Release|x64.ActiveCfg = Release|Win32
		{1CD79F37-3146-45C1-8144-E9CE17B857A9}.Release|x86.ActiveCfg = Release|Win32
		{1CD79F37-3146-45C1-8144-E9CE17B857A9}.Release|x86.Build.0 = Release|Win32
		{8507BE28-FA6E-4ED9-A6A1-8DC7B78A29E2}.Release|x64.ActiveCfg = Release|Win32
		{8507BE28-FA6E-4ED9-A6A1-8DC7B78A29E2}.Release|x86.ActiveCfg = Release|Win32
		{8507BE28-FA6E-4ED9-A6A1-8DC7B78A29E2}.Release|x86.Build.0 = Release|Win32
		{F98ACD11-B95E-4B48-8DE9-08F2496F243F}.Release|x64.ActiveCfg = Release|Win32
		{F98ACD11-B95E-4B48-8DE9-08F2496F243F}.Release|x86.ActiveCfg = Release|Win32
		{F98ACD11-B95E-4B48-8DE9-08F2496F243F}.Release|x86.Build.0 = Release|Win32
		{BC97C5CA-4367-4CC9-90E8-D2978AB9DBEE}.Release|x64.ActiveCfg = Release|Win32
		{BC97C5CA-4367-4CC9-90E8-D2978AB9DBEE}.Release|x86.ActiveCfg = Release|Win32
		{BC97C5CA-4367-4CC9-90E8-D2978AB9DBEE}.Release|x86.Build.0 = Release|Win32
		{39D61E5A-FC4E-430F-B534-740EBA82370B}.Release|x64.ActiveCfg = Release|Win32
		{39D61E5A-FC4E-430F-B534-740EBA82370B}.Release|x86.ActiveCfg = Release|Win32
		{39D61E5A-FC4E-430F-B534-740EBA82370B}.Release|x86.Build.0 = Release|Win32
	EndGlobalSection
	GlobalSection(SolutionProperties) = preSolution
		HideSolutionNode = FALSE
	EndGlobalSection
	GlobalSection(NestedProjects) = preSolution
		{9D4D60D7-F12A-4EC4-9050-C625F82E5E93} = {3DC33840-E750-4DF4-9CAA-E7FB5B936875}
		{0596928C-BEBF-4EEB-81B5-0BD0C9299D7D} = {3DC33840-E750-4DF4-9CAA-E7FB5B936875}
		{8E40492C-0659-45C3-B379-345728D6CC96} = {778FD18A-CFFA-4B11-97CE-C4C01492DAFF}
		{F741C77A-8EA9-48CD-B71F-C091D00E0780} = {3DC33840-E750-4DF4-9CAA-E7FB5B936875}
		{1CD79F37-3146-45C1-8144-E9CE17B857A9} = {3DC33840-E750-4DF4-9CAA-E7FB5B936875}
		{8507BE28-FA6E-4ED9-A6A1-8DC7B78A29E2} = {3DC33840-E750-4DF4-9CAA-E7FB5B936875}
		{F98ACD11-B95E-4B48-8DE9-08F2496F243F} = {3DC33840-E750-4DF4-9CAA-E7FB5B936875}
		{BC97C5CA-4367-4CC9-90E8-D2978AB9DBEE} = {3DC33840-E750-4DF4-9CAA-E7FB5B936875}
		{39D61E5A-FC4E-430F-B534-740EBA82370B} = {3DC33840-E750-4DF4-9CAA-E7FB5B936875}
	EndGlobalSection
	GlobalSection(ExtensibilityGlobals) = postSolution
		SolutionGuid = {78828549-D639-412A-A60F-6AC294C049AF}
	EndGlobalSection
EndGlobal
